
Microsoft Visual Studio Solution File, Format Version 12.00
# Visual Studio Version 17
VisualStudioVersion = 17.3.32811.315
MinimumVisualStudioVersion = 10.0.40219.1
Project("{FAE04EC0-301F-11D3-BF4B-00C04F79EFBC}") = "WebPresenceAntiCorruptionLayer", "WebPresenceAntiCorruptionLayer.csproj", "{0F002EE6-71E6-4502-B986-A49C79B24A42}"
EndProject
Project("{9A19103F-16F7-4668-BE54-9A1E7A4F7556}") = "WebPresenceMessages", "..\WebPresenceMessages\WebPresenceMessages.csproj", "{9E3B47BF-8187-4F51-89EE-DCF9086E62A5}"
EndProject
Global
	GlobalSection(SolutionConfigurationPlatforms) = preSolution
		Debug|Any CPU = Debug|Any CPU
		Release|Any CPU = Release|Any CPU
	EndGlobalSection
	GlobalSection(ProjectConfigurationPlatforms) = postSolution
		{0F002EE6-71E6-4502-B986-A49C79B24A42}.Debug|Any CPU.ActiveCfg = Debug|Any CPU
		{0F002EE6-71E6-4502-B986-A49C79B24A42}.Debug|Any CPU.Build.0 = Debug|Any CPU
		{0F002EE6-71E6-4502-B986-A49C79B24A42}.Release|Any CPU.ActiveCfg = Release|Any CPU
		{0F002EE6-71E6-4502-B986-A49C79B24A42}.Release|Any CPU.Build.0 = Release|Any CPU
		{9E3B47BF-8187-4F51-89EE-DCF9086E62A5}.Debug|Any CPU.ActiveCfg = Debug|Any CPU
		{9E3B47BF-8187-4F51-89EE-DCF9086E62A5}.Debug|Any CPU.Build.0 = Debug|Any CPU
		{9E3B47BF-8187-4F51-89EE-DCF9086E62A5}.Release|Any CPU.ActiveCfg = Release|Any CPU
		{9E3B47BF-8187-4F51-89EE-DCF9086E62A5}.Release|Any CPU.Build.0 = Release|Any CPU
	EndGlobalSection
	GlobalSection(SolutionProperties) = preSolution
		HideSolutionNode = FALSE
	EndGlobalSection
	GlobalSection(ExtensibilityGlobals) = postSolution
		SolutionGuid = {13323227-3DE0-4ABF-BB92-B161707F82F8}
	EndGlobalSection
EndGlobal
